
Microsoft Visual Studio Solution File, Format Version 12.00
# Visual Studio Version 16
VisualStudioVersion = 16.0.30104.148
MinimumVisualStudioVersion = 10.0.40219.1
Project("{FAE04EC0-301F-11D3-BF4B-00C04F79EFBC}") = "TestMGAPI", "TestMGAPI.csproj", "{26315E4D-2101-4167-89C1-8DC2E3147294}"
EndProject
Global
	GlobalSection(SolutionConfigurationPlatforms) = preSolution
		Debug|Any CPU = Debug|Any CPU
		Release|Any CPU = Release|Any CPU
	EndGlobalSection
	GlobalSection(ProjectConfigurationPlatforms) = postSolution
		{26315E4D-2101-4167-89C1-8DC2E3147294}.Debug|Any CPU.ActiveCfg = Debug|Any CPU
		{26315E4D-2101-4167-89C1-8DC2E3147294}.Debug|Any CPU.Build.0 = Debug|Any CPU
		{26315E4D-2101-4167-89C1-8DC2E3147294}.Release|Any CPU.ActiveCfg = Release|Any CPU
		{26315E4D-2101-4167-89C1-8DC2E3147294}.Release|Any CPU.Build.0 = Release|Any CPU
	EndGlobalSection
	GlobalSection(SolutionProperties) = preSolution
		HideSolutionNode = FALSE
	EndGlobalSection
	GlobalSection(ExtensibilityGlobals) = postSolution
		SolutionGuid = {B39F871B-51B0-439D-B73C-684703A95E21}
	EndGlobalSection
EndGlobal
